
Microsoft Visual Studio Solution File, Format Version 12.00
# Visual Studio Version 17
VisualStudioVersion = 17.4.33205.214
MinimumVisualStudioVersion = 10.0.40219.1
Project("{FAE04EC0-301F-11D3-BF4B-00C04F79EFBC}") = "InvoiceApp", "InvoiceApp\InvoiceApp.csproj", "{FC8B6C05-3E46-4BDC-B014-B34FD9348834}"
EndProject
Global
	GlobalSection(SolutionConfigurationPlatforms) = preSolution
		Debug|Any CPU = Debug|Any CPU
		Release|Any CPU = Release|Any CPU
	EndGlobalSection
	GlobalSection(ProjectConfigurationPlatforms) = postSolution
		{FC8B6C05-3E46-4BDC-B014-B34FD9348834}.Debug|Any CPU.ActiveCfg = Debug|Any CPU
		{FC8B6C05-3E46-4BDC-B014-B34FD9348834}.Debug|Any CPU.Build.0 = Debug|Any CPU
		{FC8B6C05-3E46-4BDC-B014-B34FD9348834}.Release|Any CPU.ActiveCfg = Release|Any CPU
		{FC8B6C05-3E46-4BDC-B014-B34FD9348834}.Release|Any CPU.Build.0 = Release|Any CPU
	EndGlobalSection
	GlobalSection(SolutionProperties) = preSolution
		HideSolutionNode = FALSE
	EndGlobalSection
	GlobalSection(ExtensibilityGlobals) = postSolution
		SolutionGuid = {81C1D3C8-A995-455D-80A8-3D20060E4C0A}
	EndGlobalSection
EndGlobal
